
Microsoft Visual Studio Solution File, Format Version 12.00
# Visual Studio Version 16
VisualStudioVersion = 16.0.31105.61
MinimumVisualStudioVersion = 10.0.40219.1
Project("{FAE04EC0-301F-11D3-BF4B-00C04F79EFBC}") = "DotNetMiddleware", "DotNetMiddleware.csproj", "{AB2E6CA7-F72D-4F85-9F9B-CEFCE4F8BD15}"
EndProject
Global
	GlobalSection(SolutionConfigurationPlatforms) = preSolution
		Debug|Any CPU = Debug|Any CPU
		Release|Any CPU = Release|Any CPU
	EndGlobalSection
	GlobalSection(ProjectConfigurationPlatforms) = postSolution
		{AB2E6CA7-F72D-4F85-9F9B-CEFCE4F8BD15}.Debug|Any CPU.ActiveCfg = Debug|Any CPU
		{AB2E6CA7-F72D-4F85-9F9B-CEFCE4F8BD15}.Debug|Any CPU.Build.0 = Debug|Any CPU
		{AB2E6CA7-F72D-4F85-9F9B-CEFCE4F8BD15}.Release|Any CPU.ActiveCfg = Release|Any CPU
		{AB2E6CA7-F72D-4F85-9F9B-CEFCE4F8BD15}.Release|Any CPU.Build.0 = Release|Any CPU
	EndGlobalSection
	GlobalSection(SolutionProperties) = preSolution
		HideSolutionNode = FALSE
	EndGlobalSection
	GlobalSection(ExtensibilityGlobals) = postSolution
		SolutionGuid = {3C0A29A0-66B1-47BC-B02C-DA140EE9FCCE}
	EndGlobalSection
EndGlobal
